// !$*UTF8*$!
{
	archiveVersion = 1;
	classes = {
	};
	objectVersion = 46;
	objects = {

/* Begin PBXBuildFile section */
		520EDDE8149AFD5900DE253D /* UIKit.framework in Frameworks */ = {isa = PBXBuildFile; fileRef = 520EDDE7149AFD5900DE253D /* UIKit.framework */; };
		520EDDEA149AFD5900DE253D /* Foundation.framework in Frameworks */ = {isa = PBXBuildFile; fileRef = 520EDDE9149AFD5900DE253D /* Foundation.framework */; };
		520EDDEC149AFD5900DE253D /* CoreGraphics.framework in Frameworks */ = {isa = PBXBuildFile; fileRef = 520EDDEB149AFD5900DE253D /* CoreGraphics.framework */; };
		520EDDF2149AFD5900DE253D /* InfoPlist.strings in Resources */ = {isa = PBXBuildFile; fileRef = 520EDDF0149AFD5900DE253D /* InfoPlist.strings */; };
		520EDDF4149AFD5900DE253D /* main.m in Sources */ = {isa = PBXBuildFile; fileRef = 520EDDF3149AFD5900DE253D /* main.m */; };
		520EDDF8149AFD5900DE253D /* AppDelegate.m in Sources */ = {isa = PBXBuildFile; fileRef = 520EDDF7149AFD5900DE253D /* AppDelegate.m */; };
		520EDDFB149AFD5900DE253D /* MainViewController.m in Sources */ = {isa = PBXBuildFile; fileRef = 520EDDFA149AFD5900DE253D /* MainViewController.m */; };
		520EDDFE149AFD5900DE253D /* FlipsideViewController.m in Sources */ = {isa = PBXBuildFile; fileRef = 520EDDFD149AFD5900DE253D /* FlipsideViewController.m */; };
		520EDE01149AFD5900DE253D /* MainViewController.xib in Resources */ = {isa = PBXBuildFile; fileRef = 520EDDFF149AFD5900DE253D /* MainViewController.xib */; };
		520EDE04149AFD5900DE253D /* FlipsideViewController.xib in Resources */ = {isa = PBXBuildFile; fileRef = 520EDE02149AFD5900DE253D /* FlipsideViewController.xib */; };
		520EDE0C149AFD5A00DE253D /* SenTestingKit.framework in Frameworks */ = {isa = PBXBuildFile; fileRef = 520EDE0B149AFD5A00DE253D /* SenTestingKit.framework */; };
		520EDE0D149AFD5A00DE253D /* UIKit.framework in Frameworks */ = {isa = PBXBuildFile; fileRef = 520EDDE7149AFD5900DE253D /* UIKit.framework */; };
		520EDE0E149AFD5A00DE253D /* Foundation.framework in Frameworks */ = {isa = PBXBuildFile; fileRef = 520EDDE9149AFD5900DE253D /* Foundation.framework */; };
		520EDE16149AFD5A00DE253D /* InfoPlist.strings in Resources */ = {isa = PBXBuildFile; fileRef = 520EDE14149AFD5A00DE253D /* InfoPlist.strings */; };
		520EDE19149AFD5A00DE253D /* LTCoreTextTests.m in Sources */ = {isa = PBXBuildFile; fileRef = 520EDE18149AFD5A00DE253D /* LTCoreTextTests.m */; };
/* End PBXBuildFile section */

/* Begin PBXContainerItemProxy section */
		520EDE0F149AFD5A00DE253D /* PBXContainerItemProxy */ = {
			isa = PBXContainerItemProxy;
			containerPortal = 520EDDDA149AFD5900DE253D /* Project object */;
			proxyType = 1;
			remoteGlobalIDString = 520EDDE2149AFD5900DE253D;
			remoteInfo = LTCoreText;
		};
/* End PBXContainerItemProxy section */

/* Begin PBXFileReference section */
		520EDDE3149AFD5900DE253D /* LTCoreText.app */ = {isa = PBXFileReference; explicitFileType = wrapper.application; includeInIndex = 0; path = LTCoreText.app; sourceTree = BUILT_PRODUCTS_DIR; };
		520EDDE7149AFD5900DE253D /* UIKit.framework */ = {isa = PBXFileReference; lastKnownFileType = wrapper.framework; name = UIKit.framework; path = System/Library/Frameworks/UIKit.framework; sourceTree = SDKROOT; };
		520EDDE9149AFD5900DE253D /* Foundation.framework */ = {isa = PBXFileReference; lastKnownFileType = wrapper.framework; name = Foundation.framework; path = System/Library/Frameworks/Foundation.framework; sourceTree = SDKROOT; };
		520EDDEB149AFD5900DE253D /* CoreGraphics.framework */ = {isa = PBXFileReference; lastKnownFileType = wrapper.framework; name = CoreGraphics.framework; path = System/Library/Frameworks/CoreGraphics.framework; sourceTree = SDKROOT; };
		520EDDEF149AFD5900DE253D /* LTCoreText-Info.plist */ = {isa = PBXFileReference; path = "LTCoreText-Info.plist"; sourceTree = "<group>"; };
		520EDDF1149AFD5900DE253D /* en */ = {isa = PBXFileReference; lastKnownFileType = text.plist.strings; name = en; path = en.lproj/InfoPlist.strings; sourceTree = "<group>"; };
		520EDDF3149AFD5900DE253D /* main.m */ = {isa = PBXFileReference; lastKnownFileType = sourcecode.c.objc; path = main.m; sourceTree = "<group>"; };
		520EDDF5149AFD5900DE253D /* LTCoreText-Prefix.pch */ = {isa = PBXFileReference; path = "LTCoreText-Prefix.pch"; sourceTree = "<group>"; };
		520EDDF6149AFD5900DE253D /* AppDelegate.h */ = {isa = PBXFileReference; path = AppDelegate.h; sourceTree = "<group>"; };
		520EDDF7149AFD5900DE253D /* AppDelegate.m */ = {isa = PBXFileReference; lastKnownFileType = sourcecode.c.objc; path = AppDelegate.m; sourceTree = "<group>"; };
		520EDDF9149AFD5900DE253D /* MainViewController.h */ = {isa = PBXFileReference; path = MainViewController.h; sourceTree = "<group>"; };
		520EDDFA149AFD5900DE253D /* MainViewController.m */ = {isa = PBXFileReference; lastKnownFileType = sourcecode.c.objc; path = MainViewController.m; sourceTree = "<group>"; };
		520EDDFC149AFD5900DE253D /* FlipsideViewController.h */ = {isa = PBXFileReference; path = FlipsideViewController.h; sourceTree = "<group>"; };
		520EDDFD149AFD5900DE253D /* FlipsideViewController.m */ = {isa = PBXFileReference; lastKnownFileType = sourcecode.c.objc; path = FlipsideViewController.m; sourceTree = "<group>"; };
		520EDE00149AFD5900DE253D /* en */ = {isa = PBXFileReference; lastKnownFileType = file.xib; name = en; path = en.lproj/MainViewController.xib; sourceTree = "<group>"; };
		520EDE03149AFD5900DE253D /* en */ = {isa = PBXFileReference; lastKnownFileType = file.xib; name = en; path = en.lproj/FlipsideViewController.xib; sourceTree = "<group>"; };
		520EDE0A149AFD5A00DE253D /* LTCoreTextTests.octest */ = {isa = PBXFileReference; explicitFileType = wrapper.cfbundle; includeInIndex = 0; path = LTCoreTextTests.octest; sourceTree = BUILT_PRODUCTS_DIR; };
		520EDE0B149AFD5A00DE253D /* SenTestingKit.framework */ = {isa = PBXFileReference; lastKnownFileType = wrapper.framework; name = SenTestingKit.framework; path = Library/Frameworks/SenTestingKit.framework; sourceTree = DEVELOPER_DIR; };
		520EDE13149AFD5A00DE253D /* LTCoreTextTests-Info.plist */ = {isa = PBXFileReference; path = "LTCoreTextTests-Info.plist"; sourceTree = "<group>"; };
		520EDE15149AFD5A00DE253D /* en */ = {isa = PBXFileReference; lastKnownFileType = text.plist.strings; name = en; path = en.lproj/InfoPlist.strings; sourceTree = "<group>"; };
		520EDE17149AFD5A00DE253D /* LTCoreTextTests.h */ = {isa = PBXFileReference; path = LTCoreTextTests.h; sourceTree = "<group>"; };
		520EDE18149AFD5A00DE253D /* LTCoreTextTests.m */ = {isa = PBXFileReference; lastKnownFileType = sourcecode.c.objc; path = LTCoreTextTests.m; sourceTree = "<group>"; };
/* End PBXFileReference section */

/* Begin PBXFrameworksBuildPhase section */
		520EDDE0149AFD5900DE253D /* Frameworks */ = {
			isa = PBXFrameworksBuildPhase;
			buildActionMask = 2147483647;
			files = (
				520EDDE8149AFD5900DE253D /* UIKit.framework in Frameworks */,
				520EDDEA149AFD5900DE253D /* Foundation.framework in Frameworks */,
				520EDDEC149AFD5900DE253D /* CoreGraphics.framework in Frameworks */,
			);
			runOnlyForDeploymentPostprocessing = 0;
		};
		520EDE06149AFD5A00DE253D /* Frameworks */ = {
			isa = PBXFrameworksBuildPhase;
			buildActionMask = 2147483647;
			files = (
				520EDE0C149AFD5A00DE253D /* SenTestingKit.framework in Frameworks */,
				520EDE0D149AFD5A00DE253D /* UIKit.framework in Frameworks */,
				520EDE0E149AFD5A00DE253D /* Foundation.framework in Frameworks */,
			);
			runOnlyForDeploymentPostprocessing = 0;
		};
/* End PBXFrameworksBuildPhase section */

/* Begin PBXGroup section */
		520EDDD8149AFD5900DE253D = {
			isa = PBXGroup;
			children = (
				520EDDED149AFD5900DE253D /* LTCoreText */,
				520EDE11149AFD5A00DE253D /* LTCoreTextTests */,
				520EDDE6149AFD5900DE253D /* Frameworks */,
				520EDDE4149AFD5900DE253D /* Products */,
			);
			sourceTree = "<group>";
		};
		520EDDE4149AFD5900DE253D /* Products */ = {
			isa = PBXGroup;
			children = (
				520EDDE3149AFD5900DE253D /* LTCoreText.app */,
				520EDE0A149AFD5A00DE253D /* LTCoreTextTests.octest */,
			);
			name = Products;
			sourceTree = "<group>";
		};
		520EDDE6149AFD5900DE253D /* Frameworks */ = {
			isa = PBXGroup;
			children = (
				520EDDE7149AFD5900DE253D /* UIKit.framework */,
				520EDDE9149AFD5900DE253D /* Foundation.framework */,
				520EDDEB149AFD5900DE253D /* CoreGraphics.framework */,
				520EDE0B149AFD5A00DE253D /* SenTestingKit.framework */,
			);
			name = Frameworks;
			sourceTree = "<group>";
		};
		520EDDED149AFD5900DE253D /* LTCoreText */ = {
			isa = PBXGroup;
			children = (
				520EDDF6149AFD5900DE253D /* AppDelegate.h */,
				520EDDF7149AFD5900DE253D /* AppDelegate.m */,
				520EDDF9149AFD5900DE253D /* MainViewController.h */,
				520EDDFA149AFD5900DE253D /* MainViewController.m */,
				520EDDFC149AFD5900DE253D /* FlipsideViewController.h */,
				520EDDFD149AFD5900DE253D /* FlipsideViewController.m */,
				520EDDFF149AFD5900DE253D /* MainViewController.xib */,
				520EDE02149AFD5900DE253D /* FlipsideViewController.xib */,
				520EDDEE149AFD5900DE253D /* Supporting Files */,
			);
			path = LTCoreText;
			sourceTree = "<group>";
		};
		520EDDEE149AFD5900DE253D /* Supporting Files */ = {
			isa = PBXGroup;
			children = (
				520EDDEF149AFD5900DE253D /* LTCoreText-Info.plist */,
				520EDDF0149AFD5900DE253D /* InfoPlist.strings */,
				520EDDF3149AFD5900DE253D /* main.m */,
				520EDDF5149AFD5900DE253D /* LTCoreText-Prefix.pch */,
			);
			name = "Supporting Files";
			sourceTree = "<group>";
		};
		520EDE11149AFD5A00DE253D /* LTCoreTextTests */ = {
			isa = PBXGroup;
			children = (
				520EDE17149AFD5A00DE253D /* LTCoreTextTests.h */,
				520EDE18149AFD5A00DE253D /* LTCoreTextTests.m */,
				520EDE12149AFD5A00DE253D /* Supporting Files */,
			);
			path = LTCoreTextTests;
			sourceTree = "<group>";
		};
		520EDE12149AFD5A00DE253D /* Supporting Files */ = {
			isa = PBXGroup;
			children = (
				520EDE13149AFD5A00DE253D /* LTCoreTextTests-Info.plist */,
				520EDE14149AFD5A00DE253D /* InfoPlist.strings */,
			);
			name = "Supporting Files";
			sourceTree = "<group>";
		};
/* End PBXGroup section */

/* Begin PBXNativeTarget section */
		520EDDE2149AFD5900DE253D /* LTCoreText */ = {
			isa = PBXNativeTarget;
			buildConfigurationList = 520EDE1C149AFD5A00DE253D /* Build configuration list for PBXNativeTarget "LTCoreText" */;
			buildPhases = (
				520EDDDF149AFD5900DE253D /* Sources */,
				520EDDE0149AFD5900DE253D /* Frameworks */,
				520EDDE1149AFD5900DE253D /* Resources */,
			);
			buildRules = (
			);
			dependencies = (
			);
			name = LTCoreText;
			productName = LTCoreText;
			productReference = 520EDDE3149AFD5900DE253D /* LTCoreText.app */;
			productType = "com.apple.product-type.application";
		};
		520EDE09149AFD5A00DE253D /* LTCoreTextTests */ = {
			isa = PBXNativeTarget;
			buildConfigurationList = 520EDE1F149AFD5A00DE253D /* Build configuration list for PBXNativeTarget "LTCoreTextTests" */;
			buildPhases = (
				520EDE05149AFD5A00DE253D /* Sources */,
				520EDE06149AFD5A00DE253D /* Frameworks */,
				520EDE07149AFD5A00DE253D /* Resources */,
				520EDE08149AFD5A00DE253D /* ShellScript */,
			);
			buildRules = (
			);
			dependencies = (
				520EDE10149AFD5A00DE253D /* PBXTargetDependency */,
			);
			name = LTCoreTextTests;
			productName = LTCoreTextTests;
			productReference = 520EDE0A149AFD5A00DE253D /* LTCoreTextTests.octest */;
			productType = "com.apple.product-type.bundle";
		};
/* End PBXNativeTarget section */

/* Begin PBXProject section */
		520EDDDA149AFD5900DE253D /* Project object */ = {
			isa = PBXProject;
			attributes = {
				LastUpgradeCheck = 0420;
			};
			buildConfigurationList = 520EDDDD149AFD5900DE253D /* Build configuration list for PBXProject "LTCoreText" */;
			compatibilityVersion = "Xcode 3.2";
			developmentRegion = English;
			hasScannedForEncodings = 0;
			knownRegions = (
				en,
			);
			mainGroup = 520EDDD8149AFD5900DE253D;
			productRefGroup = 520EDDE4149AFD5900DE253D /* Products */;
			projectDirPath = "";
			projectRoot = "";
			targets = (
				520EDDE2149AFD5900DE253D /* LTCoreText */,
				520EDE09149AFD5A00DE253D /* LTCoreTextTests */,
			);
		};
/* End PBXProject section */

/* Begin PBXResourcesBuildPhase section */
		520EDDE1149AFD5900DE253D /* Resources */ = {
			isa = PBXResourcesBuildPhase;
			buildActionMask = 2147483647;
			files = (
				520EDDF2149AFD5900DE253D /* InfoPlist.strings in Resources */,
				520EDE01149AFD5900DE253D /* MainViewController.xib in Resources */,
				520EDE04149AFD5900DE253D /* FlipsideViewController.xib in Resources */,
			);
			runOnlyForDeploymentPostprocessing = 0;
		};
		520EDE07149AFD5A00DE253D /* Resources */ = {
			isa = PBXResourcesBuildPhase;
			buildActionMask = 2147483647;
			files = (
				520EDE16149AFD5A00DE253D /* InfoPlist.strings in Resources */,
			);
			runOnlyForDeploymentPostprocessing = 0;
		};
/* End PBXResourcesBuildPhase section */

/* Begin PBXShellScriptBuildPhase section */
		520EDE08149AFD5A00DE253D /* ShellScript */ = {
			isa = PBXShellScriptBuildPhase;
			buildActionMask = 2147483647;
			files = (
			);
			inputPaths = (
			);
			outputPaths = (
			);
			runOnlyForDeploymentPostprocessing = 0;
			shellPath = /bin/sh;
			shellScript = "# Run the unit tests in this test bundle.\n\"${SYSTEM_DEVELOPER_DIR}/Tools/RunUnitTests\"\n";
		};
/* End PBXShellScriptBuildPhase section */

/* Begin PBXSourcesBuildPhase section */
		520EDDDF149AFD5900DE253D /* Sources */ = {
			isa = PBXSourcesBuildPhase;
			buildActionMask = 2147483647;
			files = (
				520EDDF4149AFD5900DE253D /* main.m in Sources */,
				520EDDF8149AFD5900DE253D /* AppDelegate.m in Sources */,
				520EDDFB149AFD5900DE253D /* MainViewController.m in Sources */,
				520EDDFE149AFD5900DE253D /* FlipsideViewController.m in Sources */,
			);
			runOnlyForDeploymentPostprocessing = 0;
		};
		520EDE05149AFD5A00DE253D /* Sources */ = {
			isa = PBXSourcesBuildPhase;
			buildActionMask = 2147483647;
			files = (
				520EDE19149AFD5A00DE253D /* LTCoreTextTests.m in Sources */,
			);
			runOnlyForDeploymentPostprocessing = 0;
		};
/* End PBXSourcesBuildPhase section */

/* Begin PBXTargetDependency section */
		520EDE10149AFD5A00DE253D /* PBXTargetDependency */ = {
			isa = PBXTargetDependency;
			target = 520EDDE2149AFD5900DE253D /* LTCoreText */;
			targetProxy = 520EDE0F149AFD5A00DE253D /* PBXContainerItemProxy */;
		};
/* End PBXTargetDependency section */

/* Begin PBXVariantGroup section */
		520EDDF0149AFD5900DE253D /* InfoPlist.strings */ = {
			isa = PBXVariantGroup;
			children = (
				520EDDF1149AFD5900DE253D /* en */,
			);
			name = InfoPlist.strings;
			sourceTree = "<group>";
		};
		520EDDFF149AFD5900DE253D /* MainViewController.xib */ = {
			isa = PBXVariantGroup;
			children = (
				520EDE00149AFD5900DE253D /* en */,
			);
			name = MainViewController.xib;
			sourceTree = "<group>";
		};
		520EDE02149AFD5900DE253D /* FlipsideViewController.xib */ = {
			isa = PBXVariantGroup;
			children = (
				520EDE03149AFD5900DE253D /* en */,
			);
			name = FlipsideViewController.xib;
			sourceTree = "<group>";
		};
		520EDE14149AFD5A00DE253D /* InfoPlist.strings */ = {
			isa = PBXVariantGroup;
			children = (
				520EDE15149AFD5A00DE253D /* en */,
			);
			name = InfoPlist.strings;
			sourceTree = "<group>";
		};
/* End PBXVariantGroup section */

/* Begin XCBuildConfiguration section */
		520EDE1A149AFD5A00DE253D /* Debug */ = {
			isa = XCBuildConfiguration;
			buildSettings = {
				ALWAYS_SEARCH_USER_PATHS = NO;
				ARCHS = "$(ARCHS_STANDARD_32_BIT)";
				CLANG_ENABLE_OBJC_ARC = YES;
				"CODE_SIGN_IDENTITY[sdk=iphoneos*]" = "iPhone Developer";
				COPY_PHASE_STRIP = NO;
				GCC_C_LANGUAGE_STANDARD = gnu99;
				GCC_DYNAMIC_NO_PIC = NO;
				GCC_OPTIMIZATION_LEVEL = 0;
				GCC_PREPROCESSOR_DEFINITIONS = (
					"DEBUG=1",
					"$(inherited)",
				);
				GCC_SYMBOLS_PRIVATE_EXTERN = NO;
				GCC_VERSION = com.apple.compilers.llvm.clang.1_0;
				GCC_WARN_ABOUT_MISSING_PROTOTYPES = YES;
				GCC_WARN_ABOUT_RETURN_TYPE = YES;
				GCC_WARN_UNUSED_VARIABLE = YES;
				IPHONEOS_DEPLOYMENT_TARGET = 5.0;
				SDKROOT = iphoneos;
				TARGETED_DEVICE_FAMILY = 2;
			};
			name = Debug;
		};
		520EDE1B149AFD5A00DE253D /* Release */ = {
			isa = XCBuildConfiguration;
			buildSettings = {
				ALWAYS_SEARCH_USER_PATHS = NO;
				ARCHS = "$(ARCHS_STANDARD_32_BIT)";
				CLANG_ENABLE_OBJC_ARC = YES;
				"CODE_SIGN_IDENTITY[sdk=iphoneos*]" = "iPhone Developer";
				COPY_PHASE_STRIP = YES;
				GCC_C_LANGUAGE_STANDARD = gnu99;
				GCC_VERSION = com.apple.compilers.llvm.clang.1_0;
				GCC_WARN_ABOUT_MISSING_PROTOTYPES = YES;
				GCC_WARN_ABOUT_RETURN_TYPE = YES;
				GCC_WARN_UNUSED_VARIABLE = YES;
				IPHONEOS_DEPLOYMENT_TARGET = 5.0;
				OTHER_CFLAGS = "-DNS_BLOCK_ASSERTIONS=1";
				SDKROOT = iphoneos;
				TARGETED_DEVICE_FAMILY = 2;
				VALIDATE_PRODUCT = YES;
			};
			name = Release;
		};
		520EDE1D149AFD5A00DE253D /* Debug */ = {
			isa = XCBuildConfiguration;
			buildSettings = {
				GCC_PRECOMPILE_PREFIX_HEADER = YES;
				GCC_PREFIX_HEADER = "LTCoreText/LTCoreText-Prefix.pch";
				INFOPLIST_FILE = "LTCoreText/LTCoreText-Info.plist";
				PRODUCT_NAME = "$(TARGET_NAME)";
				WRAPPER_EXTENSION = app;
			};
			name = Debug;
		};
		520EDE1E149AFD5A00DE253D /* Release */ = {
			isa = XCBuildConfiguration;
			buildSettings = {
				GCC_PRECOMPILE_PREFIX_HEADER = YES;
				GCC_PREFIX_HEADER = "LTCoreText/LTCoreText-Prefix.pch";
				INFOPLIST_FILE = "LTCoreText/LTCoreText-Info.plist";
				PRODUCT_NAME = "$(TARGET_NAME)";
				WRAPPER_EXTENSION = app;
			};
			name = Release;
		};
		520EDE20149AFD5A00DE253D /* Debug */ = {
			isa = XCBuildConfiguration;
			buildSettings = {
				BUNDLE_LOADER = "$(BUILT_PRODUCTS_DIR)/LTCoreText.app/LTCoreText";
				FRAMEWORK_SEARCH_PATHS = (
					"$(SDKROOT)/Developer/Library/Frameworks",
					"$(DEVELOPER_LIBRARY_DIR)/Frameworks",
				);
				GCC_PRECOMPILE_PREFIX_HEADER = YES;
				GCC_PREFIX_HEADER = "LTCoreText/LTCoreText-Prefix.pch";
				INFOPLIST_FILE = "LTCoreTextTests/LTCoreTextTests-Info.plist";
				PRODUCT_NAME = "$(TARGET_NAME)";
				TEST_HOST = "$(BUNDLE_LOADER)";
				WRAPPER_EXTENSION = octest;
			};
			name = Debug;
		};
		520EDE21149AFD5A00DE253D /* Release */ = {
			isa = XCBuildConfiguration;
			buildSettings = {
				BUNDLE_LOADER = "$(BUILT_PRODUCTS_DIR)/LTCoreText.app/LTCoreText";
				FRAMEWORK_SEARCH_PATHS = (
					"$(SDKROOT)/Developer/Library/Frameworks",
					"$(DEVELOPER_LIBRARY_DIR)/Frameworks",
				);
				GCC_PRECOMPILE_PREFIX_HEADER = YES;
				GCC_PREFIX_HEADER = "LTCoreText/LTCoreText-Prefix.pch";
				INFOPLIST_FILE = "LTCoreTextTests/LTCoreTextTests-Info.plist";
				PRODUCT_NAME = "$(TARGET_NAME)";
				TEST_HOST = "$(BUNDLE_LOADER)";
				WRAPPER_EXTENSION = octest;
			};
			name = Release;
		};
/* End XCBuildConfiguration section */

/* Begin XCConfigurationList section */
		520EDDDD149AFD5900DE253D /* Build configuration list for PBXProject "LTCoreText" */ = {
			isa = XCConfigurationList;
			buildConfigurations = (
				520EDE1A149AFD5A00DE253D /* Debug */,
				520EDE1B149AFD5A00DE253D /* Release */,
			);
			defaultConfigurationIsVisible = 0;
			defaultConfigurationName = Release;
		};
		520EDE1C149AFD5A00DE253D /* Build configuration list for PBXNativeTarget "LTCoreText" */ = {
			isa = XCConfigurationList;
			buildConfigurations = (
				520EDE1D149AFD5A00DE253D /* Debug */,
				520EDE1E149AFD5A00DE253D /* Release */,
			);
			defaultConfigurationIsVisible = 0;
		};
		520EDE1F149AFD5A00DE253D /* Build configuration list for PBXNativeTarget "LTCoreTextTests" */ = {
			isa = XCConfigurationList;
			buildConfigurations = (
				520EDE20149AFD5A00DE253D /* Debug */,
				520EDE21149AFD5A00DE253D /* Release */,
			);
			defaultConfigurationIsVisible = 0;
		};
/* End XCConfigurationList section */
	};
	rootObject = 520EDDDA149AFD5900DE253D /* Project object */;
}
