// !$*UTF8*$!
{
	archiveVersion = 1;
	classes = {
	};
	objectVersion = 46;
	objects = {

/* Begin PBXBuildFile section */
		520EDDE8149AFD5900DE253D /* UIKit.framework in Frameworks */ = {isa = PBXBuildFile; fileRef = 520EDDE7149AFD5900DE253D /* UIKit.framework */; };
		520EDDEA149AFD5900DE253D /* Foundation.framework in Frameworks */ = {isa = PBXBuildFile; fileRef = 520EDDE9149AFD5900DE253D /* Foundation.framework */; };
		520EDDEC149AFD5900DE253D /* CoreGraphics.framework in Frameworks */ = {isa = PBXBuildFile; fileRef = 520EDDEB149AFD5900DE253D /* CoreGraphics.framework */; };
		520EDDF2149AFD5900DE253D /* InfoPlist.strings in Resources */ = {isa = PBXBuildFile; fileRef = 520EDDF0149AFD5900DE253D /* InfoPlist.strings */; };
		520EDDF4149AFD5900DE253D /* main.m in Sources */ = {isa = PBXBuildFile; fileRef = 520EDDF3149AFD5900DE253D /* main.m */; };
		520EDDF8149AFD5900DE253D /* AppDelegate.m in Sources */ = {isa = PBXBuildFile; fileRef = 520EDDF7149AFD5900DE253D /* AppDelegate.m */; };
		520EDDFB149AFD5900DE253D /* MainViewController.m in Sources */ = {isa = PBXBuildFile; fileRef = 520EDDFA149AFD5900DE253D /* MainViewController.m */; };
		520EDDFE149AFD5900DE253D /* FlipsideViewController.m in Sources */ = {isa = PBXBuildFile; fileRef = 520EDDFD149AFD5900DE253D /* FlipsideViewController.m */; };
		520EDE01149AFD5900DE253D /* MainViewController.xib in Resources */ = {isa = PBXBuildFile; fileRef = 520EDDFF149AFD5900DE253D /* MainViewController.xib */; };
		520EDE0C149AFD5A00DE253D /* SenTestingKit.framework in Frameworks */ = {isa = PBXBuildFile; fileRef = 520EDE0B149AFD5A00DE253D /* SenTestingKit.framework */; };
		520EDE0D149AFD5A00DE253D /* UIKit.framework in Frameworks */ = {isa = PBXBuildFile; fileRef = 520EDDE7149AFD5900DE253D /* UIKit.framework */; };
		520EDE0E149AFD5A00DE253D /* Foundation.framework in Frameworks */ = {isa = PBXBuildFile; fileRef = 520EDDE9149AFD5900DE253D /* Foundation.framework */; };
		520EDE16149AFD5A00DE253D /* InfoPlist.strings in Resources */ = {isa = PBXBuildFile; fileRef = 520EDE14149AFD5A00DE253D /* InfoPlist.strings */; };
		520EDE19149AFD5A00DE253D /* LTCoreTextTests.m in Sources */ = {isa = PBXBuildFile; fileRef = 520EDE18149AFD5A00DE253D /* LTCoreTextTests.m */; };
		520EDE30149AFE4800DE253D /* LTImageDownloader.m in Sources */ = {isa = PBXBuildFile; fileRef = 520EDE25149AFE4800DE253D /* LTImageDownloader.m */; settings = {COMPILER_FLAGS = "-fno-objc-arc"; }; };
		520EDE31149AFE4800DE253D /* LTTextImageScrollView.m in Sources */ = {isa = PBXBuildFile; fileRef = 520EDE27149AFE4800DE253D /* LTTextImageScrollView.m */; settings = {COMPILER_FLAGS = "-fno-objc-arc"; }; };
		520EDE32149AFE4800DE253D /* LTTextImageView.m in Sources */ = {isa = PBXBuildFile; fileRef = 520EDE29149AFE4800DE253D /* LTTextImageView.m */; settings = {COMPILER_FLAGS = "-fno-objc-arc"; }; };
		520EDE33149AFE4800DE253D /* LTTextLayouter.m in Sources */ = {isa = PBXBuildFile; fileRef = 520EDE2B149AFE4800DE253D /* LTTextLayouter.m */; settings = {COMPILER_FLAGS = "-fno-objc-arc"; }; };
		520EDE34149AFE4800DE253D /* LTTextPageView.m in Sources */ = {isa = PBXBuildFile; fileRef = 520EDE2D149AFE4800DE253D /* LTTextPageView.m */; settings = {COMPILER_FLAGS = "-fno-objc-arc"; }; };
		520EDE35149AFE4800DE253D /* LTTextView.m in Sources */ = {isa = PBXBuildFile; fileRef = 520EDE2F149AFE4800DE253D /* LTTextView.m */; settings = {COMPILER_FLAGS = "-fno-objc-arc"; }; };
		520EDE48149B40ED00DE253D /* CoreText.framework in Frameworks */ = {isa = PBXBuildFile; fileRef = 520EDE47149B40ED00DE253D /* CoreText.framework */; };
		520EDEA3149B430D00DE253D /* QuartzCore.framework in Frameworks */ = {isa = PBXBuildFile; fileRef = 520EDEA2149B430D00DE253D /* QuartzCore.framework */; };
		520EDEA5149B431200DE253D /* ImageIO.framework in Frameworks */ = {isa = PBXBuildFile; fileRef = 520EDEA4149B431200DE253D /* ImageIO.framework */; };
		520EDEAA149B549C00DE253D /* LTTextAttachmentRunDelegate.m in Sources */ = {isa = PBXBuildFile; fileRef = 520EDEA9149B549B00DE253D /* LTTextAttachmentRunDelegate.m */; };
		522202CA14BC67DF0050D161 /* iphone.html in Resources */ = {isa = PBXBuildFile; fileRef = 522202C914BC67DE0050D161 /* iphone.html */; };
		52784EEE1537C51300745CF6 /* libxml2.dylib in Frameworks */ = {isa = PBXBuildFile; fileRef = 52784EED1537C51300745CF6 /* libxml2.dylib */; };
		52784F081537C65700745CF6 /* libDTCoreText.a in Frameworks */ = {isa = PBXBuildFile; fileRef = 52784F011537C5CD00745CF6 /* libDTCoreText.a */; };
		52D7070C14BA72130085C1FA /* 1935_19925.html in Resources */ = {isa = PBXBuildFile; fileRef = 52D7070B14BA72130085C1FA /* 1935_19925.html */; };
		52D7071914BA80460085C1FA /* DownloadViewController.m in Sources */ = {isa = PBXBuildFile; fileRef = 52D7071714BA80450085C1FA /* DownloadViewController.m */; };
		52D7071A14BA80460085C1FA /* DownloadViewController.xib in Resources */ = {isa = PBXBuildFile; fileRef = 52D7071814BA80460085C1FA /* DownloadViewController.xib */; };
		52D7072314BA8B220085C1FA /* OptionViewController.m in Sources */ = {isa = PBXBuildFile; fileRef = 52D7072114BA8B210085C1FA /* OptionViewController.m */; };
		52D7072414BA8B220085C1FA /* OptionViewController.xib in Resources */ = {isa = PBXBuildFile; fileRef = 52D7072214BA8B210085C1FA /* OptionViewController.xib */; };
/* End PBXBuildFile section */

/* Begin PBXContainerItemProxy section */
		520EDE0F149AFD5A00DE253D /* PBXContainerItemProxy */ = {
			isa = PBXContainerItemProxy;
			containerPortal = 520EDDDA149AFD5900DE253D /* Project object */;
			proxyType = 1;
			remoteGlobalIDString = 520EDDE2149AFD5900DE253D;
			remoteInfo = LTCoreText;
		};
		52784EFC1537C5CD00745CF6 /* PBXContainerItemProxy */ = {
			isa = PBXContainerItemProxy;
			containerPortal = 52784EEF1537C5CD00745CF6 /* DTCoreText.xcodeproj */;
			proxyType = 2;
			remoteGlobalIDString = 1D6058910D05DD3D006BFB54;
			remoteInfo = DemoApp;
		};
		52784EFE1537C5CD00745CF6 /* PBXContainerItemProxy */ = {
			isa = PBXContainerItemProxy;
			containerPortal = 52784EEF1537C5CD00745CF6 /* DTCoreText.xcodeproj */;
			proxyType = 2;
			remoteGlobalIDString = A70F119B14863198009202BF;
			remoteInfo = "Static Framework";
		};
		52784F001537C5CD00745CF6 /* PBXContainerItemProxy */ = {
			isa = PBXContainerItemProxy;
			containerPortal = 52784EEF1537C5CD00745CF6 /* DTCoreText.xcodeproj */;
			proxyType = 2;
			remoteGlobalIDString = A70F11DE148632CD009202BF;
			remoteInfo = "Static Library";
		};
		52784F021537C5CD00745CF6 /* PBXContainerItemProxy */ = {
			isa = PBXContainerItemProxy;
			containerPortal = 52784EEF1537C5CD00745CF6 /* DTCoreText.xcodeproj */;
			proxyType = 2;
			remoteGlobalIDString = A788CA681486456100E1AFD9;
			remoteInfo = UnitTest;
		};
		52784F041537C5CD00745CF6 /* PBXContainerItemProxy */ = {
			isa = PBXContainerItemProxy;
			containerPortal = 52784EEF1537C5CD00745CF6 /* DTCoreText.xcodeproj */;
			proxyType = 2;
			remoteGlobalIDString = A7949A5814CC456000A8CCDE;
			remoteInfo = MacUnitTest;
		};
		52784F061537C5F500745CF6 /* PBXContainerItemProxy */ = {
			isa = PBXContainerItemProxy;
			containerPortal = 52784EEF1537C5CD00745CF6 /* DTCoreText.xcodeproj */;
			proxyType = 1;
			remoteGlobalIDString = A70F11DD148632CD009202BF;
			remoteInfo = "Static Library";
		};
/* End PBXContainerItemProxy section */

/* Begin PBXFileReference section */
		520EDDE3149AFD5900DE253D /* LTCoreText.app */ = {isa = PBXFileReference; explicitFileType = wrapper.application; includeInIndex = 0; path = LTCoreText.app; sourceTree = BUILT_PRODUCTS_DIR; };
		520EDDE7149AFD5900DE253D /* UIKit.framework */ = {isa = PBXFileReference; lastKnownFileType = wrapper.framework; name = UIKit.framework; path = System/Library/Frameworks/UIKit.framework; sourceTree = SDKROOT; };
		520EDDE9149AFD5900DE253D /* Foundation.framework */ = {isa = PBXFileReference; lastKnownFileType = wrapper.framework; name = Foundation.framework; path = System/Library/Frameworks/Foundation.framework; sourceTree = SDKROOT; };
		520EDDEB149AFD5900DE253D /* CoreGraphics.framework */ = {isa = PBXFileReference; lastKnownFileType = wrapper.framework; name = CoreGraphics.framework; path = System/Library/Frameworks/CoreGraphics.framework; sourceTree = SDKROOT; };
		520EDDEF149AFD5900DE253D /* LTCoreText-Info.plist */ = {isa = PBXFileReference; lastKnownFileType = text.plist.xml; path = "LTCoreText-Info.plist"; sourceTree = "<group>"; };
		520EDDF1149AFD5900DE253D /* en */ = {isa = PBXFileReference; lastKnownFileType = text.plist.strings; name = en; path = en.lproj/InfoPlist.strings; sourceTree = "<group>"; };
		520EDDF3149AFD5900DE253D /* main.m */ = {isa = PBXFileReference; lastKnownFileType = sourcecode.c.objc; path = main.m; sourceTree = "<group>"; };
		520EDDF5149AFD5900DE253D /* LTCoreText-Prefix.pch */ = {isa = PBXFileReference; lastKnownFileType = sourcecode.c.h; path = "LTCoreText-Prefix.pch"; sourceTree = "<group>"; };
		520EDDF6149AFD5900DE253D /* AppDelegate.h */ = {isa = PBXFileReference; lastKnownFileType = sourcecode.c.h; path = AppDelegate.h; sourceTree = "<group>"; };
		520EDDF7149AFD5900DE253D /* AppDelegate.m */ = {isa = PBXFileReference; lastKnownFileType = sourcecode.c.objc; path = AppDelegate.m; sourceTree = "<group>"; };
		520EDDF9149AFD5900DE253D /* MainViewController.h */ = {isa = PBXFileReference; lastKnownFileType = sourcecode.c.h; path = MainViewController.h; sourceTree = "<group>"; };
		520EDDFA149AFD5900DE253D /* MainViewController.m */ = {isa = PBXFileReference; lastKnownFileType = sourcecode.c.objc; path = MainViewController.m; sourceTree = "<group>"; };
		520EDDFC149AFD5900DE253D /* FlipsideViewController.h */ = {isa = PBXFileReference; lastKnownFileType = sourcecode.c.h; path = FlipsideViewController.h; sourceTree = "<group>"; };
		520EDDFD149AFD5900DE253D /* FlipsideViewController.m */ = {isa = PBXFileReference; lastKnownFileType = sourcecode.c.objc; path = FlipsideViewController.m; sourceTree = "<group>"; };
		520EDE00149AFD5900DE253D /* en */ = {isa = PBXFileReference; lastKnownFileType = file.xib; name = en; path = en.lproj/MainViewController.xib; sourceTree = "<group>"; };
		520EDE0A149AFD5A00DE253D /* LTCoreTextTests.octest */ = {isa = PBXFileReference; explicitFileType = wrapper.cfbundle; includeInIndex = 0; path = LTCoreTextTests.octest; sourceTree = BUILT_PRODUCTS_DIR; };
		520EDE0B149AFD5A00DE253D /* SenTestingKit.framework */ = {isa = PBXFileReference; lastKnownFileType = wrapper.framework; name = SenTestingKit.framework; path = Library/Frameworks/SenTestingKit.framework; sourceTree = DEVELOPER_DIR; };
		520EDE13149AFD5A00DE253D /* LTCoreTextTests-Info.plist */ = {isa = PBXFileReference; lastKnownFileType = text.plist.xml; path = "LTCoreTextTests-Info.plist"; sourceTree = "<group>"; };
		520EDE15149AFD5A00DE253D /* en */ = {isa = PBXFileReference; lastKnownFileType = text.plist.strings; name = en; path = en.lproj/InfoPlist.strings; sourceTree = "<group>"; };
		520EDE17149AFD5A00DE253D /* LTCoreTextTests.h */ = {isa = PBXFileReference; lastKnownFileType = sourcecode.c.h; path = LTCoreTextTests.h; sourceTree = "<group>"; };
		520EDE18149AFD5A00DE253D /* LTCoreTextTests.m */ = {isa = PBXFileReference; lastKnownFileType = sourcecode.c.objc; path = LTCoreTextTests.m; sourceTree = "<group>"; };
		520EDE23149AFE4800DE253D /* LTCoreText.h */ = {isa = PBXFileReference; fileEncoding = 4; lastKnownFileType = sourcecode.c.h; path = LTCoreText.h; sourceTree = "<group>"; };
		520EDE24149AFE4800DE253D /* LTImageDownloader.h */ = {isa = PBXFileReference; fileEncoding = 4; lastKnownFileType = sourcecode.c.h; path = LTImageDownloader.h; sourceTree = "<group>"; };
		520EDE25149AFE4800DE253D /* LTImageDownloader.m */ = {isa = PBXFileReference; fileEncoding = 4; lastKnownFileType = sourcecode.c.objc; path = LTImageDownloader.m; sourceTree = "<group>"; };
		520EDE26149AFE4800DE253D /* LTTextImageScrollView.h */ = {isa = PBXFileReference; fileEncoding = 4; lastKnownFileType = sourcecode.c.h; path = LTTextImageScrollView.h; sourceTree = "<group>"; };
		520EDE27149AFE4800DE253D /* LTTextImageScrollView.m */ = {isa = PBXFileReference; fileEncoding = 4; lastKnownFileType = sourcecode.c.objc; path = LTTextImageScrollView.m; sourceTree = "<group>"; };
		520EDE28149AFE4800DE253D /* LTTextImageView.h */ = {isa = PBXFileReference; fileEncoding = 4; lastKnownFileType = sourcecode.c.h; path = LTTextImageView.h; sourceTree = "<group>"; };
		520EDE29149AFE4800DE253D /* LTTextImageView.m */ = {isa = PBXFileReference; fileEncoding = 4; lastKnownFileType = sourcecode.c.objc; path = LTTextImageView.m; sourceTree = "<group>"; };
		520EDE2A149AFE4800DE253D /* LTTextLayouter.h */ = {isa = PBXFileReference; fileEncoding = 4; lastKnownFileType = sourcecode.c.h; path = LTTextLayouter.h; sourceTree = "<group>"; };
		520EDE2B149AFE4800DE253D /* LTTextLayouter.m */ = {isa = PBXFileReference; fileEncoding = 4; lastKnownFileType = sourcecode.c.objc; path = LTTextLayouter.m; sourceTree = "<group>"; };
		520EDE2C149AFE4800DE253D /* LTTextPageView.h */ = {isa = PBXFileReference; fileEncoding = 4; lastKnownFileType = sourcecode.c.h; path = LTTextPageView.h; sourceTree = "<group>"; };
		520EDE2D149AFE4800DE253D /* LTTextPageView.m */ = {isa = PBXFileReference; fileEncoding = 4; lastKnownFileType = sourcecode.c.objc; path = LTTextPageView.m; sourceTree = "<group>"; };
		520EDE2E149AFE4800DE253D /* LTTextView.h */ = {isa = PBXFileReference; fileEncoding = 4; lastKnownFileType = sourcecode.c.h; path = LTTextView.h; sourceTree = "<group>"; };
		520EDE2F149AFE4800DE253D /* LTTextView.m */ = {isa = PBXFileReference; fileEncoding = 4; lastKnownFileType = sourcecode.c.objc; path = LTTextView.m; sourceTree = "<group>"; };
		520EDE47149B40ED00DE253D /* CoreText.framework */ = {isa = PBXFileReference; lastKnownFileType = wrapper.framework; name = CoreText.framework; path = System/Library/Frameworks/CoreText.framework; sourceTree = SDKROOT; };
		520EDE49149B41D900DE253D /* LTTextAttachment.h */ = {isa = PBXFileReference; fileEncoding = 4; lastKnownFileType = sourcecode.c.h; path = LTTextAttachment.h; sourceTree = "<group>"; };
		520EDEA2149B430D00DE253D /* QuartzCore.framework */ = {isa = PBXFileReference; lastKnownFileType = wrapper.framework; name = QuartzCore.framework; path = System/Library/Frameworks/QuartzCore.framework; sourceTree = SDKROOT; };
		520EDEA4149B431200DE253D /* ImageIO.framework */ = {isa = PBXFileReference; lastKnownFileType = wrapper.framework; name = ImageIO.framework; path = System/Library/Frameworks/ImageIO.framework; sourceTree = SDKROOT; };
		520EDEA8149B549A00DE253D /* LTTextAttachmentRunDelegate.h */ = {isa = PBXFileReference; fileEncoding = 4; lastKnownFileType = sourcecode.c.h; path = LTTextAttachmentRunDelegate.h; sourceTree = "<group>"; };
		520EDEA9149B549B00DE253D /* LTTextAttachmentRunDelegate.m */ = {isa = PBXFileReference; fileEncoding = 4; lastKnownFileType = sourcecode.c.objc; path = LTTextAttachmentRunDelegate.m; sourceTree = "<group>"; };
		522202C714BC5FF50050D161 /* README.md */ = {isa = PBXFileReference; fileEncoding = 4; lastKnownFileType = text; path = README.md; sourceTree = "<group>"; };
		522202C914BC67DE0050D161 /* iphone.html */ = {isa = PBXFileReference; fileEncoding = 4; lastKnownFileType = text.html; path = iphone.html; sourceTree = "<group>"; };
		52784EED1537C51300745CF6 /* libxml2.dylib */ = {isa = PBXFileReference; lastKnownFileType = "compiled.mach-o.dylib"; name = libxml2.dylib; path = usr/lib/libxml2.dylib; sourceTree = SDKROOT; };
		52784EEF1537C5CD00745CF6 /* DTCoreText.xcodeproj */ = {isa = PBXFileReference; lastKnownFileType = "wrapper.pb-project"; name = DTCoreText.xcodeproj; path = DTCoreText/DTCoreText.xcodeproj; sourceTree = SOURCE_ROOT; };
		52D7070B14BA72130085C1FA /* 1935_19925.html */ = {isa = PBXFileReference; fileEncoding = 4; lastKnownFileType = text.html; path = 1935_19925.html; sourceTree = "<group>"; };
		52D7071614BA80450085C1FA /* DownloadViewController.h */ = {isa = PBXFileReference; fileEncoding = 4; lastKnownFileType = sourcecode.c.h; path = DownloadViewController.h; sourceTree = "<group>"; };
		52D7071714BA80450085C1FA /* DownloadViewController.m */ = {isa = PBXFileReference; fileEncoding = 4; lastKnownFileType = sourcecode.c.objc; path = DownloadViewController.m; sourceTree = "<group>"; };
		52D7071814BA80460085C1FA /* DownloadViewController.xib */ = {isa = PBXFileReference; fileEncoding = 4; lastKnownFileType = file.xib; path = DownloadViewController.xib; sourceTree = "<group>"; };
		52D7072014BA8B200085C1FA /* OptionViewController.h */ = {isa = PBXFileReference; fileEncoding = 4; lastKnownFileType = sourcecode.c.h; path = OptionViewController.h; sourceTree = "<group>"; };
		52D7072114BA8B210085C1FA /* OptionViewController.m */ = {isa = PBXFileReference; fileEncoding = 4; lastKnownFileType = sourcecode.c.objc; path = OptionViewController.m; sourceTree = "<group>"; };
		52D7072214BA8B210085C1FA /* OptionViewController.xib */ = {isa = PBXFileReference; fileEncoding = 4; lastKnownFileType = file.xib; path = OptionViewController.xib; sourceTree = "<group>"; };
/* End PBXFileReference section */

/* Begin PBXFrameworksBuildPhase section */
		520EDDE0149AFD5900DE253D /* Frameworks */ = {
			isa = PBXFrameworksBuildPhase;
			buildActionMask = 2147483647;
			files = (
				52784F081537C65700745CF6 /* libDTCoreText.a in Frameworks */,
				52784EEE1537C51300745CF6 /* libxml2.dylib in Frameworks */,
				520EDEA5149B431200DE253D /* ImageIO.framework in Frameworks */,
				520EDEA3149B430D00DE253D /* QuartzCore.framework in Frameworks */,
				520EDE48149B40ED00DE253D /* CoreText.framework in Frameworks */,
				520EDDE8149AFD5900DE253D /* UIKit.framework in Frameworks */,
				520EDDEA149AFD5900DE253D /* Foundation.framework in Frameworks */,
				520EDDEC149AFD5900DE253D /* CoreGraphics.framework in Frameworks */,
			);
			runOnlyForDeploymentPostprocessing = 0;
		};
		520EDE06149AFD5A00DE253D /* Frameworks */ = {
			isa = PBXFrameworksBuildPhase;
			buildActionMask = 2147483647;
			files = (
				520EDE0C149AFD5A00DE253D /* SenTestingKit.framework in Frameworks */,
				520EDE0D149AFD5A00DE253D /* UIKit.framework in Frameworks */,
				520EDE0E149AFD5A00DE253D /* Foundation.framework in Frameworks */,
			);
			runOnlyForDeploymentPostprocessing = 0;
		};
/* End PBXFrameworksBuildPhase section */

/* Begin PBXGroup section */
		520EDDD8149AFD5900DE253D = {
			isa = PBXGroup;
			children = (
				522202C714BC5FF50050D161 /* README.md */,
				52784E4C1537C4A500745CF6 /* DTCoreText - git submodule */,
				520EDE22149AFE4800DE253D /* Library */,
				520EDDED149AFD5900DE253D /* Demo */,
				520EDE11149AFD5A00DE253D /* LTCoreTextTests */,
				520EDDE6149AFD5900DE253D /* Frameworks */,
				520EDDE4149AFD5900DE253D /* Products */,
			);
			sourceTree = "<group>";
		};
		520EDDE4149AFD5900DE253D /* Products */ = {
			isa = PBXGroup;
			children = (
				520EDDE3149AFD5900DE253D /* LTCoreText.app */,
				520EDE0A149AFD5A00DE253D /* LTCoreTextTests.octest */,
			);
			name = Products;
			sourceTree = "<group>";
		};
		520EDDE6149AFD5900DE253D /* Frameworks */ = {
			isa = PBXGroup;
			children = (
				52784EED1537C51300745CF6 /* libxml2.dylib */,
				520EDEA4149B431200DE253D /* ImageIO.framework */,
				520EDEA2149B430D00DE253D /* QuartzCore.framework */,
				520EDE47149B40ED00DE253D /* CoreText.framework */,
				520EDDE7149AFD5900DE253D /* UIKit.framework */,
				520EDDE9149AFD5900DE253D /* Foundation.framework */,
				520EDDEB149AFD5900DE253D /* CoreGraphics.framework */,
				520EDE0B149AFD5A00DE253D /* SenTestingKit.framework */,
			);
			name = Frameworks;
			sourceTree = "<group>";
		};
		520EDDED149AFD5900DE253D /* Demo */ = {
			isa = PBXGroup;
			children = (
				520EDDF6149AFD5900DE253D /* AppDelegate.h */,
				520EDDF7149AFD5900DE253D /* AppDelegate.m */,
				520EDDF9149AFD5900DE253D /* MainViewController.h */,
				520EDDFA149AFD5900DE253D /* MainViewController.m */,
				520EDDFC149AFD5900DE253D /* FlipsideViewController.h */,
				520EDDFD149AFD5900DE253D /* FlipsideViewController.m */,
				520EDDFF149AFD5900DE253D /* MainViewController.xib */,
				52D7071614BA80450085C1FA /* DownloadViewController.h */,
				52D7071714BA80450085C1FA /* DownloadViewController.m */,
				52D7071814BA80460085C1FA /* DownloadViewController.xib */,
				52D7072014BA8B200085C1FA /* OptionViewController.h */,
				52D7072114BA8B210085C1FA /* OptionViewController.m */,
				52D7072214BA8B210085C1FA /* OptionViewController.xib */,
				520EDDEE149AFD5900DE253D /* Supporting Files */,
			);
			name = Demo;
			path = LTCoreText;
			sourceTree = "<group>";
		};
		520EDDEE149AFD5900DE253D /* Supporting Files */ = {
			isa = PBXGroup;
			children = (
				522202C914BC67DE0050D161 /* iphone.html */,
				52D7070B14BA72130085C1FA /* 1935_19925.html */,
				520EDDEF149AFD5900DE253D /* LTCoreText-Info.plist */,
				520EDDF0149AFD5900DE253D /* InfoPlist.strings */,
				520EDDF3149AFD5900DE253D /* main.m */,
				520EDDF5149AFD5900DE253D /* LTCoreText-Prefix.pch */,
			);
			name = "Supporting Files";
			sourceTree = "<group>";
		};
		520EDE11149AFD5A00DE253D /* LTCoreTextTests */ = {
			isa = PBXGroup;
			children = (
				520EDE17149AFD5A00DE253D /* LTCoreTextTests.h */,
				520EDE18149AFD5A00DE253D /* LTCoreTextTests.m */,
				520EDE12149AFD5A00DE253D /* Supporting Files */,
			);
			path = LTCoreTextTests;
			sourceTree = "<group>";
		};
		520EDE12149AFD5A00DE253D /* Supporting Files */ = {
			isa = PBXGroup;
			children = (
				520EDE13149AFD5A00DE253D /* LTCoreTextTests-Info.plist */,
				520EDE14149AFD5A00DE253D /* InfoPlist.strings */,
			);
			name = "Supporting Files";
			sourceTree = "<group>";
		};
		520EDE22149AFE4800DE253D /* Library */ = {
			isa = PBXGroup;
			children = (
				520EDEB0149DD18A00DE253D /* Base */,
				520EDEB1149DD19700DE253D /* Attachment */,
			);
			path = Library;
			sourceTree = "<group>";
		};
		520EDEB0149DD18A00DE253D /* Base */ = {
			isa = PBXGroup;
			children = (
				520EDE23149AFE4800DE253D /* LTCoreText.h */,
				520EDE2A149AFE4800DE253D /* LTTextLayouter.h */,
				520EDE2B149AFE4800DE253D /* LTTextLayouter.m */,
				520EDE2E149AFE4800DE253D /* LTTextView.h */,
				520EDE2F149AFE4800DE253D /* LTTextView.m */,
				520EDE2C149AFE4800DE253D /* LTTextPageView.h */,
				520EDE2D149AFE4800DE253D /* LTTextPageView.m */,
			);
			name = Base;
			sourceTree = "<group>";
		};
		520EDEB1149DD19700DE253D /* Attachment */ = {
			isa = PBXGroup;
			children = (
				520EDEB2149DD1A000DE253D /* ImageView */,
				520EDE49149B41D900DE253D /* LTTextAttachment.h */,
				520EDEA8149B549A00DE253D /* LTTextAttachmentRunDelegate.h */,
				520EDEA9149B549B00DE253D /* LTTextAttachmentRunDelegate.m */,
			);
			name = Attachment;
			sourceTree = "<group>";
		};
		520EDEB2149DD1A000DE253D /* ImageView */ = {
			isa = PBXGroup;
			children = (
				520EDE24149AFE4800DE253D /* LTImageDownloader.h */,
				520EDE25149AFE4800DE253D /* LTImageDownloader.m */,
				520EDE26149AFE4800DE253D /* LTTextImageScrollView.h */,
				520EDE27149AFE4800DE253D /* LTTextImageScrollView.m */,
				520EDE28149AFE4800DE253D /* LTTextImageView.h */,
				520EDE29149AFE4800DE253D /* LTTextImageView.m */,
			);
			name = ImageView;
			sourceTree = "<group>";
		};
		52784E4C1537C4A500745CF6 /* DTCoreText - git submodule */ = {
			isa = PBXGroup;
			children = (
				52784EEF1537C5CD00745CF6 /* DTCoreText.xcodeproj */,
			);
			name = "DTCoreText - git submodule";
			path = DTCoreText/Core/Source;
			sourceTree = "<group>";
		};
		52784EF01537C5CD00745CF6 /* Products */ = {
			isa = PBXGroup;
			children = (
				52784EFD1537C5CD00745CF6 /* DemoApp.app */,
				52784EFF1537C5CD00745CF6 /* DTCoreText.framework */,
				52784F011537C5CD00745CF6 /* libDTCoreText.a */,
				52784F031537C5CD00745CF6 /* UnitTest.octest */,
				52784F051537C5CD00745CF6 /* MacUnitTest.octest */,
			);
			name = Products;
			sourceTree = "<group>";
		};
/* End PBXGroup section */

/* Begin PBXNativeTarget section */
		520EDDE2149AFD5900DE253D /* LTCoreText */ = {
			isa = PBXNativeTarget;
			buildConfigurationList = 520EDE1C149AFD5A00DE253D /* Build configuration list for PBXNativeTarget "LTCoreText" */;
			buildPhases = (
				520EDDDF149AFD5900DE253D /* Sources */,
				520EDDE0149AFD5900DE253D /* Frameworks */,
				520EDDE1149AFD5900DE253D /* Resources */,
			);
			buildRules = (
			);
			dependencies = (
				52784F071537C5F500745CF6 /* PBXTargetDependency */,
			);
			name = LTCoreText;
			productName = LTCoreText;
			productReference = 520EDDE3149AFD5900DE253D /* LTCoreText.app */;
			productType = "com.apple.product-type.application";
		};
		520EDE09149AFD5A00DE253D /* LTCoreTextTests */ = {
			isa = PBXNativeTarget;
			buildConfigurationList = 520EDE1F149AFD5A00DE253D /* Build configuration list for PBXNativeTarget "LTCoreTextTests" */;
			buildPhases = (
				520EDE05149AFD5A00DE253D /* Sources */,
				520EDE06149AFD5A00DE253D /* Frameworks */,
				520EDE07149AFD5A00DE253D /* Resources */,
				520EDE08149AFD5A00DE253D /* ShellScript */,
			);
			buildRules = (
			);
			dependencies = (
				520EDE10149AFD5A00DE253D /* PBXTargetDependency */,
			);
			name = LTCoreTextTests;
			productName = LTCoreTextTests;
			productReference = 520EDE0A149AFD5A00DE253D /* LTCoreTextTests.octest */;
			productType = "com.apple.product-type.bundle";
		};
/* End PBXNativeTarget section */

/* Begin PBXProject section */
		520EDDDA149AFD5900DE253D /* Project object */ = {
			isa = PBXProject;
			attributes = {
				LastUpgradeCheck = 0420;
			};
			buildConfigurationList = 520EDDDD149AFD5900DE253D /* Build configuration list for PBXProject "LTCoreText" */;
			compatibilityVersion = "Xcode 3.2";
			developmentRegion = English;
			hasScannedForEncodings = 0;
			knownRegions = (
				en,
			);
			mainGroup = 520EDDD8149AFD5900DE253D;
			productRefGroup = 520EDDE4149AFD5900DE253D /* Products */;
			projectDirPath = "";
			projectReferences = (
				{
					ProductGroup = 52784EF01537C5CD00745CF6 /* Products */;
					ProjectRef = 52784EEF1537C5CD00745CF6 /* DTCoreText.xcodeproj */;
				},
			);
			projectRoot = "";
			targets = (
				520EDDE2149AFD5900DE253D /* LTCoreText */,
				520EDE09149AFD5A00DE253D /* LTCoreTextTests */,
			);
		};
/* End PBXProject section */

/* Begin PBXReferenceProxy section */
		52784EFD1537C5CD00745CF6 /* DemoApp.app */ = {
			isa = PBXReferenceProxy;
			fileType = wrapper.application;
			path = DemoApp.app;
			remoteRef = 52784EFC1537C5CD00745CF6 /* PBXContainerItemProxy */;
			sourceTree = BUILT_PRODUCTS_DIR;
		};
		52784EFF1537C5CD00745CF6 /* DTCoreText.framework */ = {
			isa = PBXReferenceProxy;
			fileType = wrapper.cfbundle;
			path = DTCoreText.framework;
			remoteRef = 52784EFE1537C5CD00745CF6 /* PBXContainerItemProxy */;
			sourceTree = BUILT_PRODUCTS_DIR;
		};
		52784F011537C5CD00745CF6 /* libDTCoreText.a */ = {
			isa = PBXReferenceProxy;
			fileType = archive.ar;
			path = libDTCoreText.a;
			remoteRef = 52784F001537C5CD00745CF6 /* PBXContainerItemProxy */;
			sourceTree = BUILT_PRODUCTS_DIR;
		};
		52784F031537C5CD00745CF6 /* UnitTest.octest */ = {
			isa = PBXReferenceProxy;
			fileType = wrapper.cfbundle;
			path = UnitTest.octest;
			remoteRef = 52784F021537C5CD00745CF6 /* PBXContainerItemProxy */;
			sourceTree = BUILT_PRODUCTS_DIR;
		};
		52784F051537C5CD00745CF6 /* MacUnitTest.octest */ = {
			isa = PBXReferenceProxy;
			fileType = wrapper.cfbundle;
			path = MacUnitTest.octest;
			remoteRef = 52784F041537C5CD00745CF6 /* PBXContainerItemProxy */;
			sourceTree = BUILT_PRODUCTS_DIR;
		};
/* End PBXReferenceProxy section */

/* Begin PBXResourcesBuildPhase section */
		520EDDE1149AFD5900DE253D /* Resources */ = {
			isa = PBXResourcesBuildPhase;
			buildActionMask = 2147483647;
			files = (
				520EDDF2149AFD5900DE253D /* InfoPlist.strings in Resources */,
				520EDE01149AFD5900DE253D /* MainViewController.xib in Resources */,
				52D7070C14BA72130085C1FA /* 1935_19925.html in Resources */,
				52D7071A14BA80460085C1FA /* DownloadViewController.xib in Resources */,
				52D7072414BA8B220085C1FA /* OptionViewController.xib in Resources */,
				522202CA14BC67DF0050D161 /* iphone.html in Resources */,
			);
			runOnlyForDeploymentPostprocessing = 0;
		};
		520EDE07149AFD5A00DE253D /* Resources */ = {
			isa = PBXResourcesBuildPhase;
			buildActionMask = 2147483647;
			files = (
				520EDE16149AFD5A00DE253D /* InfoPlist.strings in Resources */,
			);
			runOnlyForDeploymentPostprocessing = 0;
		};
/* End PBXResourcesBuildPhase section */

/* Begin PBXShellScriptBuildPhase section */
		520EDE08149AFD5A00DE253D /* ShellScript */ = {
			isa = PBXShellScriptBuildPhase;
			buildActionMask = 2147483647;
			files = (
			);
			inputPaths = (
			);
			outputPaths = (
			);
			runOnlyForDeploymentPostprocessing = 0;
			shellPath = /bin/sh;
			shellScript = "# Run the unit tests in this test bundle.\n\"${SYSTEM_DEVELOPER_DIR}/Tools/RunUnitTests\"\n";
		};
/* End PBXShellScriptBuildPhase section */

/* Begin PBXSourcesBuildPhase section */
		520EDDDF149AFD5900DE253D /* Sources */ = {
			isa = PBXSourcesBuildPhase;
			buildActionMask = 2147483647;
			files = (
				520EDDF4149AFD5900DE253D /* main.m in Sources */,
				520EDDF8149AFD5900DE253D /* AppDelegate.m in Sources */,
				520EDDFB149AFD5900DE253D /* MainViewController.m in Sources */,
				520EDDFE149AFD5900DE253D /* FlipsideViewController.m in Sources */,
				520EDE30149AFE4800DE253D /* LTImageDownloader.m in Sources */,
				520EDE31149AFE4800DE253D /* LTTextImageScrollView.m in Sources */,
				520EDE32149AFE4800DE253D /* LTTextImageView.m in Sources */,
				520EDE33149AFE4800DE253D /* LTTextLayouter.m in Sources */,
				520EDE34149AFE4800DE253D /* LTTextPageView.m in Sources */,
				520EDE35149AFE4800DE253D /* LTTextView.m in Sources */,
				520EDEAA149B549C00DE253D /* LTTextAttachmentRunDelegate.m in Sources */,
				52D7071914BA80460085C1FA /* DownloadViewController.m in Sources */,
				52D7072314BA8B220085C1FA /* OptionViewController.m in Sources */,
			);
			runOnlyForDeploymentPostprocessing = 0;
		};
		520EDE05149AFD5A00DE253D /* Sources */ = {
			isa = PBXSourcesBuildPhase;
			buildActionMask = 2147483647;
			files = (
				520EDE19149AFD5A00DE253D /* LTCoreTextTests.m in Sources */,
			);
			runOnlyForDeploymentPostprocessing = 0;
		};
/* End PBXSourcesBuildPhase section */

/* Begin PBXTargetDependency section */
		520EDE10149AFD5A00DE253D /* PBXTargetDependency */ = {
			isa = PBXTargetDependency;
			target = 520EDDE2149AFD5900DE253D /* LTCoreText */;
			targetProxy = 520EDE0F149AFD5A00DE253D /* PBXContainerItemProxy */;
		};
		52784F071537C5F500745CF6 /* PBXTargetDependency */ = {
			isa = PBXTargetDependency;
			name = "Static Library";
			targetProxy = 52784F061537C5F500745CF6 /* PBXContainerItemProxy */;
		};
/* End PBXTargetDependency section */

/* Begin PBXVariantGroup section */
		520EDDF0149AFD5900DE253D /* InfoPlist.strings */ = {
			isa = PBXVariantGroup;
			children = (
				520EDDF1149AFD5900DE253D /* en */,
			);
			name = InfoPlist.strings;
			sourceTree = "<group>";
		};
		520EDDFF149AFD5900DE253D /* MainViewController.xib */ = {
			isa = PBXVariantGroup;
			children = (
				520EDE00149AFD5900DE253D /* en */,
			);
			name = MainViewController.xib;
			sourceTree = "<group>";
		};
		520EDE14149AFD5A00DE253D /* InfoPlist.strings */ = {
			isa = PBXVariantGroup;
			children = (
				520EDE15149AFD5A00DE253D /* en */,
			);
			name = InfoPlist.strings;
			sourceTree = "<group>";
		};
/* End PBXVariantGroup section */

/* Begin XCBuildConfiguration section */
		520EDE1A149AFD5A00DE253D /* Debug */ = {
			isa = XCBuildConfiguration;
			buildSettings = {
				ALWAYS_SEARCH_USER_PATHS = NO;
				ARCHS = "$(ARCHS_STANDARD_32_BIT)";
				CLANG_ENABLE_OBJC_ARC = YES;
				"CODE_SIGN_IDENTITY[sdk=iphoneos*]" = "iPhone Developer";
				COPY_PHASE_STRIP = NO;
				GCC_C_LANGUAGE_STANDARD = gnu99;
				GCC_DYNAMIC_NO_PIC = NO;
				GCC_OPTIMIZATION_LEVEL = 0;
				GCC_PREPROCESSOR_DEFINITIONS = (
					"DEBUG=1",
					"$(inherited)",
				);
				GCC_SYMBOLS_PRIVATE_EXTERN = NO;
				GCC_VERSION = com.apple.compilers.llvm.clang.1_0;
				GCC_WARN_ABOUT_MISSING_PROTOTYPES = YES;
				GCC_WARN_ABOUT_RETURN_TYPE = YES;
				GCC_WARN_UNUSED_VARIABLE = YES;
				HEADER_SEARCH_PATHS = /usr/include/libxml2;
				IPHONEOS_DEPLOYMENT_TARGET = 5.0;
				SDKROOT = iphoneos;
				TARGETED_DEVICE_FAMILY = 2;
			};
			name = Debug;
		};
		520EDE1B149AFD5A00DE253D /* Release */ = {
			isa = XCBuildConfiguration;
			buildSettings = {
				ALWAYS_SEARCH_USER_PATHS = NO;
				ARCHS = "$(ARCHS_STANDARD_32_BIT)";
				CLANG_ENABLE_OBJC_ARC = YES;
				"CODE_SIGN_IDENTITY[sdk=iphoneos*]" = "iPhone Developer";
				COPY_PHASE_STRIP = YES;
				GCC_C_LANGUAGE_STANDARD = gnu99;
				GCC_VERSION = com.apple.compilers.llvm.clang.1_0;
				GCC_WARN_ABOUT_MISSING_PROTOTYPES = YES;
				GCC_WARN_ABOUT_RETURN_TYPE = YES;
				GCC_WARN_UNUSED_VARIABLE = YES;
				HEADER_SEARCH_PATHS = /usr/include/libxml2;
				IPHONEOS_DEPLOYMENT_TARGET = 5.0;
				OTHER_CFLAGS = "-DNS_BLOCK_ASSERTIONS=1";
				SDKROOT = iphoneos;
				TARGETED_DEVICE_FAMILY = 2;
				VALIDATE_PRODUCT = YES;
			};
			name = Release;
		};
		520EDE1D149AFD5A00DE253D /* Debug */ = {
			isa = XCBuildConfiguration;
			buildSettings = {
				GCC_PRECOMPILE_PREFIX_HEADER = YES;
				GCC_PREFIX_HEADER = "LTCoreText/LTCoreText-Prefix.pch";
				INFOPLIST_FILE = "LTCoreText/LTCoreText-Info.plist";
				IPHONEOS_DEPLOYMENT_TARGET = 5.0;
				OTHER_LDFLAGS = "-all_load";
				PRODUCT_NAME = "$(TARGET_NAME)";
				TARGETED_DEVICE_FAMILY = 2;
				WRAPPER_EXTENSION = app;
			};
			name = Debug;
		};
		520EDE1E149AFD5A00DE253D /* Release */ = {
			isa = XCBuildConfiguration;
			buildSettings = {
				GCC_PRECOMPILE_PREFIX_HEADER = YES;
				GCC_PREFIX_HEADER = "LTCoreText/LTCoreText-Prefix.pch";
				INFOPLIST_FILE = "LTCoreText/LTCoreText-Info.plist";
				IPHONEOS_DEPLOYMENT_TARGET = 5.0;
				OTHER_LDFLAGS = "-all_load";
				PRODUCT_NAME = "$(TARGET_NAME)";
				TARGETED_DEVICE_FAMILY = 2;
				WRAPPER_EXTENSION = app;
			};
			name = Release;
		};
		520EDE20149AFD5A00DE253D /* Debug */ = {
			isa = XCBuildConfiguration;
			buildSettings = {
				BUNDLE_LOADER = "$(BUILT_PRODUCTS_DIR)/LTCoreText.app/LTCoreText";
				FRAMEWORK_SEARCH_PATHS = (
					"$(SDKROOT)/Developer/Library/Frameworks",
					"$(DEVELOPER_LIBRARY_DIR)/Frameworks",
				);
				GCC_PRECOMPILE_PREFIX_HEADER = YES;
				GCC_PREFIX_HEADER = "LTCoreText/LTCoreText-Prefix.pch";
				INFOPLIST_FILE = "LTCoreTextTests/LTCoreTextTests-Info.plist";
				PRODUCT_NAME = "$(TARGET_NAME)";
				TEST_HOST = "$(BUNDLE_LOADER)";
				WRAPPER_EXTENSION = octest;
			};
			name = Debug;
		};
		520EDE21149AFD5A00DE253D /* Release */ = {
			isa = XCBuildConfiguration;
			buildSettings = {
				BUNDLE_LOADER = "$(BUILT_PRODUCTS_DIR)/LTCoreText.app/LTCoreText";
				FRAMEWORK_SEARCH_PATHS = (
					"$(SDKROOT)/Developer/Library/Frameworks",
					"$(DEVELOPER_LIBRARY_DIR)/Frameworks",
				);
				GCC_PRECOMPILE_PREFIX_HEADER = YES;
				GCC_PREFIX_HEADER = "LTCoreText/LTCoreText-Prefix.pch";
				INFOPLIST_FILE = "LTCoreTextTests/LTCoreTextTests-Info.plist";
				PRODUCT_NAME = "$(TARGET_NAME)";
				TEST_HOST = "$(BUNDLE_LOADER)";
				WRAPPER_EXTENSION = octest;
			};
			name = Release;
		};
/* End XCBuildConfiguration section */

/* Begin XCConfigurationList section */
		520EDDDD149AFD5900DE253D /* Build configuration list for PBXProject "LTCoreText" */ = {
			isa = XCConfigurationList;
			buildConfigurations = (
				520EDE1A149AFD5A00DE253D /* Debug */,
				520EDE1B149AFD5A00DE253D /* Release */,
			);
			defaultConfigurationIsVisible = 0;
			defaultConfigurationName = Release;
		};
		520EDE1C149AFD5A00DE253D /* Build configuration list for PBXNativeTarget "LTCoreText" */ = {
			isa = XCConfigurationList;
			buildConfigurations = (
				520EDE1D149AFD5A00DE253D /* Debug */,
				520EDE1E149AFD5A00DE253D /* Release */,
			);
			defaultConfigurationIsVisible = 0;
			defaultConfigurationName = Release;
		};
		520EDE1F149AFD5A00DE253D /* Build configuration list for PBXNativeTarget "LTCoreTextTests" */ = {
			isa = XCConfigurationList;
			buildConfigurations = (
				520EDE20149AFD5A00DE253D /* Debug */,
				520EDE21149AFD5A00DE253D /* Release */,
			);
			defaultConfigurationIsVisible = 0;
			defaultConfigurationName = Release;
		};
/* End XCConfigurationList section */
	};
	rootObject = 520EDDDA149AFD5900DE253D /* Project object */;
}
